
Microsoft Visual Studio Solution File, Format Version 12.00
# Visual Studio Version 17
VisualStudioVersion = 17.9.34622.214
MinimumVisualStudioVersion = 10.0.40219.1
Project("{FAE04EC0-301F-11D3-BF4B-00C04F79EFBC}") = "Timer", "Timer.csproj", "{472786A5-2AFC-4B70-9A29-0149A6E1AE70}"
EndProject
Global
	GlobalSection(SolutionConfigurationPlatforms) = preSolution
		Debug|Any CPU = Debug|Any CPU
		Release|Any CPU = Release|Any CPU
	EndGlobalSection
	GlobalSection(ProjectConfigurationPlatforms) = postSolution
		{472786A5-2AFC-4B70-9A29-0149A6E1AE70}.Debug|Any CPU.ActiveCfg = Debug|Any CPU
		{472786A5-2AFC-4B70-9A29-0149A6E1AE70}.Debug|Any CPU.Build.0 = Debug|Any CPU
		{472786A5-2AFC-4B70-9A29-0149A6E1AE70}.Release|Any CPU.ActiveCfg = Release|Any CPU
		{472786A5-2AFC-4B70-9A29-0149A6E1AE70}.Release|Any CPU.Build.0 = Release|Any CPU
	EndGlobalSection
	GlobalSection(SolutionProperties) = preSolution
		HideSolutionNode = FALSE
	EndGlobalSection
	GlobalSection(ExtensibilityGlobals) = postSolution
		SolutionGuid = {7929600F-22D0-41B5-8A4C-8831AA40E44A}
	EndGlobalSection
EndGlobal
